// !$*UTF8*$!
{
	archiveVersion = 1;
	classes = {
	};
	objectVersion = 50;
	objects = {

/* Begin PBXBuildFile section */
		061817F72141FC570084D286 /* AppDelegate.swift in Sources */ = {isa = PBXBuildFile; fileRef = 061817F62141FC570084D286 /* AppDelegate.swift */; };
		061817F92141FC570084D286 /* MealViewController.swift.swift in Sources */ = {isa = PBXBuildFile; fileRef = 061817F82141FC570084D286 /* MealViewController.swift.swift */; };
		061817FC2141FC570084D286 /* Main.storyboard in Resources */ = {isa = PBXBuildFile; fileRef = 061817FA2141FC570084D286 /* Main.storyboard */; };
		061817FF2141FC570084D286 /* FoodTracker.xcdatamodeld in Sources */ = {isa = PBXBuildFile; fileRef = 061817FD2141FC570084D286 /* FoodTracker.xcdatamodeld */; };
		061818012141FC590084D286 /* Assets.xcassets in Resources */ = {isa = PBXBuildFile; fileRef = 061818002141FC590084D286 /* Assets.xcassets */; };
		061818042141FC590084D286 /* LaunchScreen.storyboard in Resources */ = {isa = PBXBuildFile; fileRef = 061818022141FC590084D286 /* LaunchScreen.storyboard */; };
		068592AF21430E4700364DBA /* RatingControl.swift in Sources */ = {isa = PBXBuildFile; fileRef = 068592AE21430E4700364DBA /* RatingControl.swift */; };
		068592B721431C4800364DBA /* Meal.swift in Sources */ = {isa = PBXBuildFile; fileRef = 068592B621431C4800364DBA /* Meal.swift */; };
		068592BF21431D9D00364DBA /* FoodTrackerTests.swift in Sources */ = {isa = PBXBuildFile; fileRef = 068592BE21431D9D00364DBA /* FoodTrackerTests.swift */; };
		068592C7214322D400364DBA /* MealTableViewCell.swift in Sources */ = {isa = PBXBuildFile; fileRef = 068592C6214322D400364DBA /* MealTableViewCell.swift */; };
		068592C92143262400364DBA /* MealTableViewController.swift in Sources */ = {isa = PBXBuildFile; fileRef = 068592C82143262400364DBA /* MealTableViewController.swift */; };
/* End PBXBuildFile section */

/* Begin PBXContainerItemProxy section */
		068592C121431D9D00364DBA /* PBXContainerItemProxy */ = {
			isa = PBXContainerItemProxy;
			containerPortal = 061817EB2141FC570084D286 /* Project object */;
			proxyType = 1;
			remoteGlobalIDString = 061817F22141FC570084D286;
			remoteInfo = FoodTracker;
		};
/* End PBXContainerItemProxy section */

/* Begin PBXFileReference section */
		061817F32141FC570084D286 /* FoodTracker.app */ = {isa = PBXFileReference; explicitFileType = wrapper.application; includeInIndex = 0; path = FoodTracker.app; sourceTree = BUILT_PRODUCTS_DIR; };
		061817F62141FC570084D286 /* AppDelegate.swift */ = {isa = PBXFileReference; lastKnownFileType = sourcecode.swift; path = AppDelegate.swift; sourceTree = "<group>"; };
		061817F82141FC570084D286 /* MealViewController.swift.swift */ = {isa = PBXFileReference; lastKnownFileType = sourcecode.swift; path = MealViewController.swift.swift; sourceTree = "<group>"; };
		061817FB2141FC570084D286 /* Base */ = {isa = PBXFileReference; lastKnownFileType = file.storyboard; name = Base; path = Base.lproj/Main.storyboard; sourceTree = "<group>"; };
		061817FE2141FC570084D286 /* FoodTracker.xcdatamodel */ = {isa = PBXFileReference; lastKnownFileType = wrapper.xcdatamodel; path = FoodTracker.xcdatamodel; sourceTree = "<group>"; };
		061818002141FC590084D286 /* Assets.xcassets */ = {isa = PBXFileReference; lastKnownFileType = folder.assetcatalog; path = Assets.xcassets; sourceTree = "<group>"; };
		061818032141FC590084D286 /* Base */ = {isa = PBXFileReference; lastKnownFileType = file.storyboard; name = Base; path = Base.lproj/LaunchScreen.storyboard; sourceTree = "<group>"; };
		061818052141FC590084D286 /* Info.plist */ = {isa = PBXFileReference; lastKnownFileType = text.plist.xml; path = Info.plist; sourceTree = "<group>"; };
		068592AE21430E4700364DBA /* RatingControl.swift */ = {isa = PBXFileReference; lastKnownFileType = sourcecode.swift; path = RatingControl.swift; sourceTree = "<group>"; };
		068592B621431C4800364DBA /* Meal.swift */ = {isa = PBXFileReference; lastKnownFileType = sourcecode.swift; path = Meal.swift; sourceTree = "<group>"; };
		068592BC21431D9D00364DBA /* FoodTrackerTests.xctest */ = {isa = PBXFileReference; explicitFileType = wrapper.cfbundle; includeInIndex = 0; path = FoodTrackerTests.xctest; sourceTree = BUILT_PRODUCTS_DIR; };
		068592BE21431D9D00364DBA /* FoodTrackerTests.swift */ = {isa = PBXFileReference; lastKnownFileType = sourcecode.swift; path = FoodTrackerTests.swift; sourceTree = "<group>"; };
		068592C021431D9D00364DBA /* Info.plist */ = {isa = PBXFileReference; lastKnownFileType = text.plist.xml; path = Info.plist; sourceTree = "<group>"; };
		068592C6214322D400364DBA /* MealTableViewCell.swift */ = {isa = PBXFileReference; lastKnownFileType = sourcecode.swift; path = MealTableViewCell.swift; sourceTree = "<group>"; };
		068592C82143262400364DBA /* MealTableViewController.swift */ = {isa = PBXFileReference; lastKnownFileType = sourcecode.swift; path = MealTableViewController.swift; sourceTree = "<group>"; };
/* End PBXFileReference section */

/* Begin PBXFrameworksBuildPhase section */
		061817F02141FC570084D286 /* Frameworks */ = {
			isa = PBXFrameworksBuildPhase;
			buildActionMask = 2147483647;
			files = (
			);
			runOnlyForDeploymentPostprocessing = 0;
		};
		068592B921431D9D00364DBA /* Frameworks */ = {
			isa = PBXFrameworksBuildPhase;
			buildActionMask = 2147483647;
			files = (
			);
			runOnlyForDeploymentPostprocessing = 0;
		};
/* End PBXFrameworksBuildPhase section */

/* Begin PBXGroup section */
		061817EA2141FC570084D286 = {
			isa = PBXGroup;
			children = (
				061817F52141FC570084D286 /* FoodTracker */,
				068592BD21431D9D00364DBA /* FoodTrackerTests */,
				061817F42141FC570084D286 /* Products */,
			);
			sourceTree = "<group>";
		};
		061817F42141FC570084D286 /* Products */ = {
			isa = PBXGroup;
			children = (
				061817F32141FC570084D286 /* FoodTracker.app */,
				068592BC21431D9D00364DBA /* FoodTrackerTests.xctest */,
			);
			name = Products;
			sourceTree = "<group>";
		};
		061817F52141FC570084D286 /* FoodTracker */ = {
			isa = PBXGroup;
			children = (
				061817F62141FC570084D286 /* AppDelegate.swift */,
				061817F82141FC570084D286 /* MealViewController.swift.swift */,
				068592AE21430E4700364DBA /* RatingControl.swift */,
				068592B621431C4800364DBA /* Meal.swift */,
				068592C6214322D400364DBA /* MealTableViewCell.swift */,
				068592C82143262400364DBA /* MealTableViewController.swift */,
				061817FA2141FC570084D286 /* Main.storyboard */,
				061818002141FC590084D286 /* Assets.xcassets */,
				061818022141FC590084D286 /* LaunchScreen.storyboard */,
				061818052141FC590084D286 /* Info.plist */,
				061817FD2141FC570084D286 /* FoodTracker.xcdatamodeld */,
			);
			path = FoodTracker;
			sourceTree = "<group>";
		};
		068592BD21431D9D00364DBA /* FoodTrackerTests */ = {
			isa = PBXGroup;
			children = (
				068592BE21431D9D00364DBA /* FoodTrackerTests.swift */,
				068592C021431D9D00364DBA /* Info.plist */,
			);
			path = FoodTrackerTests;
			sourceTree = "<group>";
		};
/* End PBXGroup section */

/* Begin PBXNativeTarget section */
		061817F22141FC570084D286 /* FoodTracker */ = {
			isa = PBXNativeTarget;
			buildConfigurationList = 061818082141FC590084D286 /* Build configuration list for PBXNativeTarget "FoodTracker" */;
			buildPhases = (
				061817EF2141FC570084D286 /* Sources */,
				061817F02141FC570084D286 /* Frameworks */,
				061817F12141FC570084D286 /* Resources */,
			);
			buildRules = (
			);
			dependencies = (
			);
			name = FoodTracker;
			productName = FoodTracker;
			productReference = 061817F32141FC570084D286 /* FoodTracker.app */;
			productType = "com.apple.product-type.application";
		};
		068592BB21431D9D00364DBA /* FoodTrackerTests */ = {
			isa = PBXNativeTarget;
			buildConfigurationList = 068592C321431D9D00364DBA /* Build configuration list for PBXNativeTarget "FoodTrackerTests" */;
			buildPhases = (
				068592B821431D9D00364DBA /* Sources */,
				068592B921431D9D00364DBA /* Frameworks */,
				068592BA21431D9D00364DBA /* Resources */,
			);
			buildRules = (
			);
			dependencies = (
				068592C221431D9D00364DBA /* PBXTargetDependency */,
			);
			name = FoodTrackerTests;
			productName = FoodTrackerTests;
			productReference = 068592BC21431D9D00364DBA /* FoodTrackerTests.xctest */;
			productType = "com.apple.product-type.bundle.unit-test";
		};
/* End PBXNativeTarget section */

/* Begin PBXProject section */
		061817EB2141FC570084D286 /* Project object */ = {
			isa = PBXProject;
			attributes = {
				LastSwiftUpdateCheck = 0940;
				LastUpgradeCheck = 0940;
				ORGANIZATIONNAME = NICE;
				TargetAttributes = {
					061817F22141FC570084D286 = {
						CreatedOnToolsVersion = 9.4.1;
					};
					068592BB21431D9D00364DBA = {
						CreatedOnToolsVersion = 9.4.1;
						TestTargetID = 061817F22141FC570084D286;
					};
				};
			};
			buildConfigurationList = 061817EE2141FC570084D286 /* Build configuration list for PBXProject "FoodTracker" */;
			compatibilityVersion = "Xcode 9.3";
			developmentRegion = en;
			hasScannedForEncodings = 0;
			knownRegions = (
				en,
				Base,
			);
			mainGroup = 061817EA2141FC570084D286;
			productRefGroup = 061817F42141FC570084D286 /* Products */;
			projectDirPath = "";
			projectRoot = "";
			targets = (
				061817F22141FC570084D286 /* FoodTracker */,
				068592BB21431D9D00364DBA /* FoodTrackerTests */,
			);
		};
/* End PBXProject section */

/* Begin PBXResourcesBuildPhase section */
		061817F12141FC570084D286 /* Resources */ = {
			isa = PBXResourcesBuildPhase;
			buildActionMask = 2147483647;
			files = (
				061818042141FC590084D286 /* LaunchScreen.storyboard in Resources */,
				061818012141FC590084D286 /* Assets.xcassets in Resources */,
				061817FC2141FC570084D286 /* Main.storyboard in Resources */,
			);
			runOnlyForDeploymentPostprocessing = 0;
		};
		068592BA21431D9D00364DBA /* Resources */ = {
			isa = PBXResourcesBuildPhase;
			buildActionMask = 2147483647;
			files = (
			);
			runOnlyForDeploymentPostprocessing = 0;
		};
/* End PBXResourcesBuildPhase section */

/* Begin PBXSourcesBuildPhase section */
		061817EF2141FC570084D286 /* Sources */ = {
			isa = PBXSourcesBuildPhase;
			buildActionMask = 2147483647;
			files = (
				068592B721431C4800364DBA /* Meal.swift in Sources */,
				068592AF21430E4700364DBA /* RatingControl.swift in Sources */,
				068592C92143262400364DBA /* MealTableViewController.swift in Sources */,
				068592C7214322D400364DBA /* MealTableViewCell.swift in Sources */,
				061817F92141FC570084D286 /* MealViewController.swift.swift in Sources */,
				061817F72141FC570084D286 /* AppDelegate.swift in Sources */,
				061817FF2141FC570084D286 /* FoodTracker.xcdatamodeld in Sources */,
			);
			runOnlyForDeploymentPostprocessing = 0;
		};
		068592B821431D9D00364DBA /* Sources */ = {
			isa = PBXSourcesBuildPhase;
			buildActionMask = 2147483647;
			files = (
				068592BF21431D9D00364DBA /* FoodTrackerTests.swift in Sources */,
			);
			runOnlyForDeploymentPostprocessing = 0;
		};
/* End PBXSourcesBuildPhase section */

/* Begin PBXTargetDependency section */
		068592C221431D9D00364DBA /* PBXTargetDependency */ = {
			isa = PBXTargetDependency;
			target = 061817F22141FC570084D286 /* FoodTracker */;
			targetProxy = 068592C121431D9D00364DBA /* PBXContainerItemProxy */;
		};
/* End PBXTargetDependency section */

/* Begin PBXVariantGroup section */
		061817FA2141FC570084D286 /* Main.storyboard */ = {
			isa = PBXVariantGroup;
			children = (
				061817FB2141FC570084D286 /* Base */,
			);
			name = Main.storyboard;
			sourceTree = "<group>";
		};
		061818022141FC590084D286 /* LaunchScreen.storyboard */ = {
			isa = PBXVariantGroup;
			children = (
				061818032141FC590084D286 /* Base */,
			);
			name = LaunchScreen.storyboard;
			sourceTree = "<group>";
		};
/* End PBXVariantGroup section */

/* Begin XCBuildConfiguration section */
		061818062141FC590084D286 /* Debug */ = {
			isa = XCBuildConfiguration;
			buildSettings = {
				ALWAYS_SEARCH_USER_PATHS = NO;
				CLANG_ANALYZER_NONNULL = YES;
				CLANG_ANALYZER_NUMBER_OBJECT_CONVERSION = YES_AGGRESSIVE;
				CLANG_CXX_LANGUAGE_STANDARD = "gnu++14";
				CLANG_CXX_LIBRARY = "libc++";
				CLANG_ENABLE_MODULES = YES;
				CLANG_ENABLE_OBJC_ARC = YES;
				CLANG_ENABLE_OBJC_WEAK = YES;
				CLANG_WARN_BLOCK_CAPTURE_AUTORELEASING = YES;
				CLANG_WARN_BOOL_CONVERSION = YES;
				CLANG_WARN_COMMA = YES;
				CLANG_WARN_CONSTANT_CONVERSION = YES;
				CLANG_WARN_DEPRECATED_OBJC_IMPLEMENTATIONS = YES;
				CLANG_WARN_DIRECT_OBJC_ISA_USAGE = YES_ERROR;
				CLANG_WARN_DOCUMENTATION_COMMENTS = YES;
				CLANG_WARN_EMPTY_BODY = YES;
				CLANG_WARN_ENUM_CONVERSION = YES;
				CLANG_WARN_INFINITE_RECURSION = YES;
				CLANG_WARN_INT_CONVERSION = YES;
				CLANG_WARN_NON_LITERAL_NULL_CONVERSION = YES;
				CLANG_WARN_OBJC_IMPLICIT_RETAIN_SELF = YES;
				CLANG_WARN_OBJC_LITERAL_CONVERSION = YES;
				CLANG_WARN_OBJC_ROOT_CLASS = YES_ERROR;
				CLANG_WARN_RANGE_LOOP_ANALYSIS = YES;
				CLANG_WARN_STRICT_PROTOTYPES = YES;
				CLANG_WARN_SUSPICIOUS_MOVE = YES;
				CLANG_WARN_UNGUARDED_AVAILABILITY = YES_AGGRESSIVE;
				CLANG_WARN_UNREACHABLE_CODE = YES;
				CLANG_WARN__DUPLICATE_METHOD_MATCH = YES;
				CODE_SIGN_IDENTITY = "iPhone Developer";
				COPY_PHASE_STRIP = NO;
				DEBUG_INFORMATION_FORMAT = dwarf;
				ENABLE_STRICT_OBJC_MSGSEND = YES;
				ENABLE_TESTABILITY = YES;
				GCC_C_LANGUAGE_STANDARD = gnu11;
				GCC_DYNAMIC_NO_PIC = NO;
				GCC_NO_COMMON_BLOCKS = YES;
				GCC_OPTIMIZATION_LEVEL = 0;
				GCC_PREPROCESSOR_DEFINITIONS = (
					"DEBUG=1",
					"$(inherited)",
				);
				GCC_WARN_64_TO_32_BIT_CONVERSION = YES;
				GCC_WARN_ABOUT_RETURN_TYPE = YES_ERROR;
				GCC_WARN_UNDECLARED_SELECTOR = YES;
				GCC_WARN_UNINITIALIZED_AUTOS = YES_AGGRESSIVE;
				GCC_WARN_UNUSED_FUNCTION = YES;
				GCC_WARN_UNUSED_VARIABLE = YES;
				IPHONEOS_DEPLOYMENT_TARGET = 11.4;
				MTL_ENABLE_DEBUG_INFO = YES;
				ONLY_ACTIVE_ARCH = YES;
				SDKROOT = iphoneos;
				SWIFT_ACTIVE_COMPILATION_CONDITIONS = DEBUG;
				SWIFT_OPTIMIZATION_LEVEL = "-Onone";
			};
			name = Debug;
		};
		061818072141FC590084D286 /* Release */ = {
			isa = XCBuildConfiguration;
			buildSettings = {
				ALWAYS_SEARCH_USER_PATHS = NO;
				CLANG_ANALYZER_NONNULL = YES;
				CLANG_ANALYZER_NUMBER_OBJECT_CONVERSION = YES_AGGRESSIVE;
				CLANG_CXX_LANGUAGE_STANDARD = "gnu++14";
				CLANG_CXX_LIBRARY = "libc++";
				CLANG_ENABLE_MODULES = YES;
				CLANG_ENABLE_OBJC_ARC = YES;
				CLANG_ENABLE_OBJC_WEAK = YES;
				CLANG_WARN_BLOCK_CAPTURE_AUTORELEASING = YES;
				CLANG_WARN_BOOL_CONVERSION = YES;
				CLANG_WARN_COMMA = YES;
				CLANG_WARN_CONSTANT_CONVERSION = YES;
				CLANG_WARN_DEPRECATED_OBJC_IMPLEMENTATIONS = YES;
				CLANG_WARN_DIRECT_OBJC_ISA_USAGE = YES_ERROR;
				CLANG_WARN_DOCUMENTATION_COMMENTS = YES;
				CLANG_WARN_EMPTY_BODY = YES;
				CLANG_WARN_ENUM_CONVERSION = YES;
				CLANG_WARN_INFINITE_RECURSION = YES;
				CLANG_WARN_INT_CONVERSION = YES;
				CLANG_WARN_NON_LITERAL_NULL_CONVERSION = YES;
				CLANG_WARN_OBJC_IMPLICIT_RETAIN_SELF = YES;
				CLANG_WARN_OBJC_LITERAL_CONVERSION = YES;
				CLANG_WARN_OBJC_ROOT_CLASS = YES_ERROR;
				CLANG_WARN_RANGE_LOOP_ANALYSIS = YES;
				CLANG_WARN_STRICT_PROTOTYPES = YES;
				CLANG_WARN_SUSPICIOUS_MOVE = YES;
				CLANG_WARN_UNGUARDED_AVAILABILITY = YES_AGGRESSIVE;
				CLANG_WARN_UNREACHABLE_CODE = YES;
				CLANG_WARN__DUPLICATE_METHOD_MATCH = YES;
				CODE_SIGN_IDENTITY = "iPhone Developer";
				COPY_PHASE_STRIP = NO;
				DEBUG_INFORMATION_FORMAT = "dwarf-with-dsym";
				ENABLE_NS_ASSERTIONS = NO;
				ENABLE_STRICT_OBJC_MSGSEND = YES;
				GCC_C_LANGUAGE_STANDARD = gnu11;
				GCC_NO_COMMON_BLOCKS = YES;
				GCC_WARN_64_TO_32_BIT_CONVERSION = YES;
				GCC_WARN_ABOUT_RETURN_TYPE = YES_ERROR;
				GCC_WARN_UNDECLARED_SELECTOR = YES;
				GCC_WARN_UNINITIALIZED_AUTOS = YES_AGGRESSIVE;
				GCC_WARN_UNUSED_FUNCTION = YES;
				GCC_WARN_UNUSED_VARIABLE = YES;
				IPHONEOS_DEPLOYMENT_TARGET = 11.4;
				MTL_ENABLE_DEBUG_INFO = NO;
				SDKROOT = iphoneos;
				SWIFT_COMPILATION_MODE = wholemodule;
				SWIFT_OPTIMIZATION_LEVEL = "-O";
				VALIDATE_PRODUCT = YES;
			};
			name = Release;
		};
		061818092141FC590084D286 /* Debug */ = {
			isa = XCBuildConfiguration;
			buildSettings = {
				ASSETCATALOG_COMPILER_APPICON_NAME = AppIcon;
				CODE_SIGN_STYLE = Automatic;
				INFOPLIST_FILE = FoodTracker/Info.plist;
				LD_RUNPATH_SEARCH_PATHS = (
					"$(inherited)",
					"@executable_path/Frameworks",
				);
				PRODUCT_BUNDLE_IDENTIFIER = nice.FoodTracker;
				PRODUCT_NAME = "$(TARGET_NAME)";
				SWIFT_VERSION = 4.0;
				TARGETED_DEVICE_FAMILY = "1,2";
			};
			name = Debug;
		};
		0618180A2141FC590084D286 /* Release */ = {
			isa = XCBuildConfiguration;
			buildSettings = {
				ASSETCATALOG_COMPILER_APPICON_NAME = AppIcon;
				CODE_SIGN_STYLE = Automatic;
				INFOPLIST_FILE = FoodTracker/Info.plist;
				LD_RUNPATH_SEARCH_PATHS = (
					"$(inherited)",
					"@executable_path/Frameworks",
				);
				PRODUCT_BUNDLE_IDENTIFIER = nice.FoodTracker;
				PRODUCT_NAME = "$(TARGET_NAME)";
				SWIFT_VERSION = 4.0;
				TARGETED_DEVICE_FAMILY = "1,2";
			};
			name = Release;
		};
		068592C421431D9D00364DBA /* Debug */ = {
			isa = XCBuildConfiguration;
			buildSettings = {
				BUNDLE_LOADER = "$(TEST_HOST)";
				CODE_SIGN_STYLE = Automatic;
				INFOPLIST_FILE = FoodTrackerTests/Info.plist;
				LD_RUNPATH_SEARCH_PATHS = (
					"$(inherited)",
					"@executable_path/Frameworks",
					"@loader_path/Frameworks",
				);
				PRODUCT_BUNDLE_IDENTIFIER = nice.FoodTrackerTests;
				PRODUCT_NAME = "$(TARGET_NAME)";
				SWIFT_VERSION = 4.0;
				TARGETED_DEVICE_FAMILY = "1,2";
				TEST_HOST = "$(BUILT_PRODUCTS_DIR)/FoodTracker.app/FoodTracker";
			};
			name = Debug;
		};
		068592C521431D9D00364DBA /* Release */ = {
			isa = XCBuildConfiguration;
			buildSettings = {
				BUNDLE_LOADER = "$(TEST_HOST)";
				CODE_SIGN_STYLE = Automatic;
				INFOPLIST_FILE = FoodTrackerTests/Info.plist;
				LD_RUNPATH_SEARCH_PATHS = (
					"$(inherited)",
					"@executable_path/Frameworks",
					"@loader_path/Frameworks",
				);
				PRODUCT_BUNDLE_IDENTIFIER = nice.FoodTrackerTests;
				PRODUCT_NAME = "$(TARGET_NAME)";
				SWIFT_VERSION = 4.0;
				TARGETED_DEVICE_FAMILY = "1,2";
				TEST_HOST = "$(BUILT_PRODUCTS_DIR)/FoodTracker.app/FoodTracker";
			};
			name = Release;
		};
/* End XCBuildConfiguration section */

/* Begin XCConfigurationList section */
		061817EE2141FC570084D286 /* Build configuration list for PBXProject "FoodTracker" */ = {
			isa = XCConfigurationList;
			buildConfigurations = (
				061818062141FC590084D286 /* Debug */,
				061818072141FC590084D286 /* Release */,
			);
			defaultConfigurationIsVisible = 0;
			defaultConfigurationName = Release;
		};
		061818082141FC590084D286 /* Build configuration list for PBXNativeTarget "FoodTracker" */ = {
			isa = XCConfigurationList;
			buildConfigurations = (
				061818092141FC590084D286 /* Debug */,
				0618180A2141FC590084D286 /* Release */,
			);
			defaultConfigurationIsVisible = 0;
			defaultConfigurationName = Release;
		};
		068592C321431D9D00364DBA /* Build configuration list for PBXNativeTarget "FoodTrackerTests" */ = {
			isa = XCConfigurationList;
			buildConfigurations = (
				068592C421431D9D00364DBA /* Debug */,
				068592C521431D9D00364DBA /* Release */,
			);
			defaultConfigurationIsVisible = 0;
			defaultConfigurationName = Release;
		};
/* End XCConfigurationList section */

/* Begin XCVersionGroup section */
		061817FD2141FC570084D286 /* FoodTracker.xcdatamodeld */ = {
			isa = XCVersionGroup;
			children = (
				061817FE2141FC570084D286 /* FoodTracker.xcdatamodel */,
			);
			currentVersion = 061817FE2141FC570084D286 /* FoodTracker.xcdatamodel */;
			path = FoodTracker.xcdatamodeld;
			sourceTree = "<group>";
			versionGroupType = wrapper.xcdatamodel;
		};
/* End XCVersionGroup section */
	};
	rootObject = 061817EB2141FC570084D286 /* Project object */;
}
